
Microsoft Visual Studio Solution File, Format Version 12.00
# Visual Studio Version 16
VisualStudioVersion = 16.0.30907.101
MinimumVisualStudioVersion = 10.0.40219.1
Project("{9A19103F-16F7-4668-BE54-9A1E7A4F7556}") = "CarTrade.Data", "CarTrade.Data\CarTrade.Data.csproj", "{6ABC8D63-800A-43EF-AA81-C70A90F06BE3}"
EndProject
Project("{9A19103F-16F7-4668-BE54-9A1E7A4F7556}") = "CarTrade.Common", "CarTrade.Common\CarTrade.Common.csproj", "{4486153A-65D3-410D-994F-BF651E67BBD0}"
EndProject
Project("{9A19103F-16F7-4668-BE54-9A1E7A4F7556}") = "CarTrade.Web", "CarTrade.Web\CarTrade.Web.csproj", "{59BC2001-A111-4F21-ADF1-D218B7C2559D}"
EndProject
Project("{9A19103F-16F7-4668-BE54-9A1E7A4F7556}") = "CarTrade.Services", "CarTrade.Services\CarTrade.Services.csproj", "{0B08C8BC-E4C8-4B57-84A1-718D89D3637B}"
EndProject
Project("{9A19103F-16F7-4668-BE54-9A1E7A4F7556}") = "CarTrade.Services.Tests", "CarTrade.Services.Tests\CarTrade.Services.Tests.csproj", "{343DB351-9AD7-4A59-B9B5-3A1C647F2589}"
EndProject
Project("{9A19103F-16F7-4668-BE54-9A1E7A4F7556}") = "CarTrade.Web.Test", "CarTrade.Web.Test\CarTrade.Web.Test.csproj", "{F84C22D7-079F-4D8A-9011-8F855EAB0CA2}"
EndProject
Project("{9A19103F-16F7-4668-BE54-9A1E7A4F7556}") = "CarTrade.IntegrationTests", "CarTrade.IntegrationTests\CarTrade.IntegrationTests.csproj", "{55835687-AE98-4332-888D-9CDCBBD21C0B}"
EndProject
Global
	GlobalSection(SolutionConfigurationPlatforms) = preSolution
		Debug|Any CPU = Debug|Any CPU
		Release|Any CPU = Release|Any CPU
	EndGlobalSection
	GlobalSection(ProjectConfigurationPlatforms) = postSolution
		{6ABC8D63-800A-43EF-AA81-C70A90F06BE3}.Debug|Any CPU.ActiveCfg = Debug|Any CPU
		{6ABC8D63-800A-43EF-AA81-C70A90F06BE3}.Debug|Any CPU.Build.0 = Debug|Any CPU
		{6ABC8D63-800A-43EF-AA81-C70A90F06BE3}.Release|Any CPU.ActiveCfg = Release|Any CPU
		{6ABC8D63-800A-43EF-AA81-C70A90F06BE3}.Release|Any CPU.Build.0 = Release|Any CPU
		{4486153A-65D3-410D-994F-BF651E67BBD0}.Debug|Any CPU.ActiveCfg = Debug|Any CPU
		{4486153A-65D3-410D-994F-BF651E67BBD0}.Debug|Any CPU.Build.0 = Debug|Any CPU
		{4486153A-65D3-410D-994F-BF651E67BBD0}.Release|Any CPU.ActiveCfg = Release|Any CPU
		{4486153A-65D3-410D-994F-BF651E67BBD0}.Release|Any CPU.Build.0 = Release|Any CPU
		{59BC2001-A111-4F21-ADF1-D218B7C2559D}.Debug|Any CPU.ActiveCfg = Debug|Any CPU
		{59BC2001-A111-4F21-ADF1-D218B7C2559D}.Debug|Any CPU.Build.0 = Debug|Any CPU
		{59BC2001-A111-4F21-ADF1-D218B7C2559D}.Release|Any CPU.ActiveCfg = Release|Any CPU
		{59BC2001-A111-4F21-ADF1-D218B7C2559D}.Release|Any CPU.Build.0 = Release|Any CPU
		{0B08C8BC-E4C8-4B57-84A1-718D89D3637B}.Debug|Any CPU.ActiveCfg = Debug|Any CPU
		{0B08C8BC-E4C8-4B57-84A1-718D89D3637B}.Debug|Any CPU.Build.0 = Debug|Any CPU
		{0B08C8BC-E4C8-4B57-84A1-718D89D3637B}.Release|Any CPU.ActiveCfg = Release|Any CPU
		{0B08C8BC-E4C8-4B57-84A1-718D89D3637B}.Release|Any CPU.Build.0 = Release|Any CPU
		{343DB351-9AD7-4A59-B9B5-3A1C647F2589}.Debug|Any CPU.ActiveCfg = Debug|Any CPU
		{343DB351-9AD7-4A59-B9B5-3A1C647F2589}.Debug|Any CPU.Build.0 = Debug|Any CPU
		{343DB351-9AD7-4A59-B9B5-3A1C647F2589}.Release|Any CPU.ActiveCfg = Release|Any CPU
		{343DB351-9AD7-4A59-B9B5-3A1C647F2589}.Release|Any CPU.Build.0 = Release|Any CPU
		{F84C22D7-079F-4D8A-9011-8F855EAB0CA2}.Debug|Any CPU.ActiveCfg = Debug|Any CPU
		{F84C22D7-079F-4D8A-9011-8F855EAB0CA2}.Debug|Any CPU.Build.0 = Debug|Any CPU
		{F84C22D7-079F-4D8A-9011-8F855EAB0CA2}.Release|Any CPU.ActiveCfg = Release|Any CPU
		{F84C22D7-079F-4D8A-9011-8F855EAB0CA2}.Release|Any CPU.Build.0 = Release|Any CPU
		{55835687-AE98-4332-888D-9CDCBBD21C0B}.Debug|Any CPU.ActiveCfg = Debug|Any CPU
		{55835687-AE98-4332-888D-9CDCBBD21C0B}.Debug|Any CPU.Build.0 = Debug|Any CPU
		{55835687-AE98-4332-888D-9CDCBBD21C0B}.Release|Any CPU.ActiveCfg = Release|Any CPU
		{55835687-AE98-4332-888D-9CDCBBD21C0B}.Release|Any CPU.Build.0 = Release|Any CPU
	EndGlobalSection
	GlobalSection(SolutionProperties) = preSolution
		HideSolutionNode = FALSE
	EndGlobalSection
	GlobalSection(ExtensibilityGlobals) = postSolution
		SolutionGuid = {B01999CB-ABAE-4F2D-B545-FB52BBC901A3}
	EndGlobalSection
EndGlobal
